// !$*UTF8*$!
{
	archiveVersion = 1;
	classes = {
	};
	objectVersion = 50;
	objects = {

/* Begin PBXBuildFile section */
		2D690379CCA99D81F7B62823 /* libPods-TestYunpanSDK.a in Frameworks */ = {isa = PBXBuildFile; fileRef = DA3DFD54D792474127CD191D /* libPods-TestYunpanSDK.a */; };
		635E8FCD30706296D2D4FE27 /* libPods-TestYunpanSDKTests.a in Frameworks */ = {isa = PBXBuildFile; fileRef = BA3070D5F2DD5F0CD82B98C0 /* libPods-TestYunpanSDKTests.a */; };
		8FC5F30F2178865D009B4042 /* AppDelegate.m in Sources */ = {isa = PBXBuildFile; fileRef = 8FC5F30E2178865D009B4042 /* AppDelegate.m */; };
		8FC5F3122178865D009B4042 /* ViewController.m in Sources */ = {isa = PBXBuildFile; fileRef = 8FC5F3112178865D009B4042 /* ViewController.m */; };
		8FC5F3152178865D009B4042 /* Main.storyboard in Resources */ = {isa = PBXBuildFile; fileRef = 8FC5F3132178865D009B4042 /* Main.storyboard */; };
		8FC5F3172178865F009B4042 /* Assets.xcassets in Resources */ = {isa = PBXBuildFile; fileRef = 8FC5F3162178865F009B4042 /* Assets.xcassets */; };
		8FC5F31A2178865F009B4042 /* LaunchScreen.storyboard in Resources */ = {isa = PBXBuildFile; fileRef = 8FC5F3182178865F009B4042 /* LaunchScreen.storyboard */; };
		8FC5F31D2178865F009B4042 /* main.m in Sources */ = {isa = PBXBuildFile; fileRef = 8FC5F31C2178865F009B4042 /* main.m */; };
		8FC5F3272178865F009B4042 /* TestYunpanSDKTests.m in Sources */ = {isa = PBXBuildFile; fileRef = 8FC5F3262178865F009B4042 /* TestYunpanSDKTests.m */; };
		8FC5F3322178865F009B4042 /* TestYunpanSDKUITests.m in Sources */ = {isa = PBXBuildFile; fileRef = 8FC5F3312178865F009B4042 /* TestYunpanSDKUITests.m */; };
		8FC5F3462178DCD0009B4042 /* Podfile in Resources */ = {isa = PBXBuildFile; fileRef = 8FC5F3452178DCD0009B4042 /* Podfile */; };
		92102C50812B335E3B5FDAD1 /* libPods-TestYunpanSDKUITests.a in Frameworks */ = {isa = PBXBuildFile; fileRef = DD7DADAA4D6043602F353A11 /* libPods-TestYunpanSDKUITests.a */; };
/* End PBXBuildFile section */

/* Begin PBXContainerItemProxy section */
		8FC5F3232178865F009B4042 /* PBXContainerItemProxy */ = {
			isa = PBXContainerItemProxy;
			containerPortal = 8FC5F3022178865C009B4042 /* Project object */;
			proxyType = 1;
			remoteGlobalIDString = 8FC5F3092178865C009B4042;
			remoteInfo = TestYunpanSDK;
		};
		8FC5F32E2178865F009B4042 /* PBXContainerItemProxy */ = {
			isa = PBXContainerItemProxy;
			containerPortal = 8FC5F3022178865C009B4042 /* Project object */;
			proxyType = 1;
			remoteGlobalIDString = 8FC5F3092178865C009B4042;
			remoteInfo = TestYunpanSDK;
		};
/* End PBXContainerItemProxy section */

/* Begin PBXFileReference section */
		07DD93C351AD26F119CD9BF2 /* Pods-TestYunpanSDK.debug.xcconfig */ = {isa = PBXFileReference; includeInIndex = 1; lastKnownFileType = text.xcconfig; name = "Pods-TestYunpanSDK.debug.xcconfig"; path = "Pods/Target Support Files/Pods-TestYunpanSDK/Pods-TestYunpanSDK.debug.xcconfig"; sourceTree = "<group>"; };
		16B62B0E1A48AD3FFDF4BA54 /* Pods-TestYunpanSDKUITests.debug.xcconfig */ = {isa = PBXFileReference; includeInIndex = 1; lastKnownFileType = text.xcconfig; name = "Pods-TestYunpanSDKUITests.debug.xcconfig"; path = "Pods/Target Support Files/Pods-TestYunpanSDKUITests/Pods-TestYunpanSDKUITests.debug.xcconfig"; sourceTree = "<group>"; };
		1ABACCE9F1DFA76530256809 /* Pods-TestYunpanSDKTests.release.xcconfig */ = {isa = PBXFileReference; includeInIndex = 1; lastKnownFileType = text.xcconfig; name = "Pods-TestYunpanSDKTests.release.xcconfig"; path = "Pods/Target Support Files/Pods-TestYunpanSDKTests/Pods-TestYunpanSDKTests.release.xcconfig"; sourceTree = "<group>"; };
		8FC5F30A2178865C009B4042 /* TestYunpanSDK.app */ = {isa = PBXFileReference; explicitFileType = wrapper.application; includeInIndex = 0; path = TestYunpanSDK.app; sourceTree = BUILT_PRODUCTS_DIR; };
		8FC5F30D2178865D009B4042 /* AppDelegate.h */ = {isa = PBXFileReference; lastKnownFileType = sourcecode.c.h; path = AppDelegate.h; sourceTree = "<group>"; };
		8FC5F30E2178865D009B4042 /* AppDelegate.m */ = {isa = PBXFileReference; lastKnownFileType = sourcecode.c.objc; path = AppDelegate.m; sourceTree = "<group>"; };
		8FC5F3102178865D009B4042 /* ViewController.h */ = {isa = PBXFileReference; lastKnownFileType = sourcecode.c.h; path = ViewController.h; sourceTree = "<group>"; };
		8FC5F3112178865D009B4042 /* ViewController.m */ = {isa = PBXFileReference; lastKnownFileType = sourcecode.c.objc; path = ViewController.m; sourceTree = "<group>"; };
		8FC5F3142178865D009B4042 /* Base */ = {isa = PBXFileReference; lastKnownFileType = file.storyboard; name = Base; path = Base.lproj/Main.storyboard; sourceTree = "<group>"; };
		8FC5F3162178865F009B4042 /* Assets.xcassets */ = {isa = PBXFileReference; lastKnownFileType = folder.assetcatalog; path = Assets.xcassets; sourceTree = "<group>"; };
		8FC5F3192178865F009B4042 /* Base */ = {isa = PBXFileReference; lastKnownFileType = file.storyboard; name = Base; path = Base.lproj/LaunchScreen.storyboard; sourceTree = "<group>"; };
		8FC5F31B2178865F009B4042 /* Info.plist */ = {isa = PBXFileReference; lastKnownFileType = text.plist.xml; path = Info.plist; sourceTree = "<group>"; };
		8FC5F31C2178865F009B4042 /* main.m */ = {isa = PBXFileReference; lastKnownFileType = sourcecode.c.objc; path = main.m; sourceTree = "<group>"; };
		8FC5F3222178865F009B4042 /* TestYunpanSDKTests.xctest */ = {isa = PBXFileReference; explicitFileType = wrapper.cfbundle; includeInIndex = 0; path = TestYunpanSDKTests.xctest; sourceTree = BUILT_PRODUCTS_DIR; };
		8FC5F3262178865F009B4042 /* TestYunpanSDKTests.m */ = {isa = PBXFileReference; lastKnownFileType = sourcecode.c.objc; path = TestYunpanSDKTests.m; sourceTree = "<group>"; };
		8FC5F3282178865F009B4042 /* Info.plist */ = {isa = PBXFileReference; lastKnownFileType = text.plist.xml; path = Info.plist; sourceTree = "<group>"; };
		8FC5F32D2178865F009B4042 /* TestYunpanSDKUITests.xctest */ = {isa = PBXFileReference; explicitFileType = wrapper.cfbundle; includeInIndex = 0; path = TestYunpanSDKUITests.xctest; sourceTree = BUILT_PRODUCTS_DIR; };
		8FC5F3312178865F009B4042 /* TestYunpanSDKUITests.m */ = {isa = PBXFileReference; lastKnownFileType = sourcecode.c.objc; path = TestYunpanSDKUITests.m; sourceTree = "<group>"; };
		8FC5F3332178865F009B4042 /* Info.plist */ = {isa = PBXFileReference; lastKnownFileType = text.plist.xml; path = Info.plist; sourceTree = "<group>"; };
		8FC5F3452178DCD0009B4042 /* Podfile */ = {isa = PBXFileReference; fileEncoding = 4; lastKnownFileType = text; path = Podfile; sourceTree = SOURCE_ROOT; };
		924D178AF2A4BA01E5FBC096 /* Pods-TestYunpanSDKTests.debug.xcconfig */ = {isa = PBXFileReference; includeInIndex = 1; lastKnownFileType = text.xcconfig; name = "Pods-TestYunpanSDKTests.debug.xcconfig"; path = "Pods/Target Support Files/Pods-TestYunpanSDKTests/Pods-TestYunpanSDKTests.debug.xcconfig"; sourceTree = "<group>"; };
		BA3070D5F2DD5F0CD82B98C0 /* libPods-TestYunpanSDKTests.a */ = {isa = PBXFileReference; explicitFileType = archive.ar; includeInIndex = 0; path = "libPods-TestYunpanSDKTests.a"; sourceTree = BUILT_PRODUCTS_DIR; };
		DA3DFD54D792474127CD191D /* libPods-TestYunpanSDK.a */ = {isa = PBXFileReference; explicitFileType = archive.ar; includeInIndex = 0; path = "libPods-TestYunpanSDK.a"; sourceTree = BUILT_PRODUCTS_DIR; };
		DCA3ECEE6E6661516BE6F3AB /* Pods-TestYunpanSDKUITests.release.xcconfig */ = {isa = PBXFileReference; includeInIndex = 1; lastKnownFileType = text.xcconfig; name = "Pods-TestYunpanSDKUITests.release.xcconfig"; path = "Pods/Target Support Files/Pods-TestYunpanSDKUITests/Pods-TestYunpanSDKUITests.release.xcconfig"; sourceTree = "<group>"; };
		DD7DADAA4D6043602F353A11 /* libPods-TestYunpanSDKUITests.a */ = {isa = PBXFileReference; explicitFileType = archive.ar; includeInIndex = 0; path = "libPods-TestYunpanSDKUITests.a"; sourceTree = BUILT_PRODUCTS_DIR; };
		EE42B39B18A7C56F2DEEBFFF /* Pods-TestYunpanSDK.release.xcconfig */ = {isa = PBXFileReference; includeInIndex = 1; lastKnownFileType = text.xcconfig; name = "Pods-TestYunpanSDK.release.xcconfig"; path = "Pods/Target Support Files/Pods-TestYunpanSDK/Pods-TestYunpanSDK.release.xcconfig"; sourceTree = "<group>"; };
/* End PBXFileReference section */

/* Begin PBXFrameworksBuildPhase section */
		8FC5F3072178865C009B4042 /* Frameworks */ = {
			isa = PBXFrameworksBuildPhase;
			buildActionMask = 2147483647;
			files = (
				2D690379CCA99D81F7B62823 /* libPods-TestYunpanSDK.a in Frameworks */,
			);
			runOnlyForDeploymentPostprocessing = 0;
		};
		8FC5F31F2178865F009B4042 /* Frameworks */ = {
			isa = PBXFrameworksBuildPhase;
			buildActionMask = 2147483647;
			files = (
				635E8FCD30706296D2D4FE27 /* libPods-TestYunpanSDKTests.a in Frameworks */,
			);
			runOnlyForDeploymentPostprocessing = 0;
		};
		8FC5F32A2178865F009B4042 /* Frameworks */ = {
			isa = PBXFrameworksBuildPhase;
			buildActionMask = 2147483647;
			files = (
				92102C50812B335E3B5FDAD1 /* libPods-TestYunpanSDKUITests.a in Frameworks */,
			);
			runOnlyForDeploymentPostprocessing = 0;
		};
/* End PBXFrameworksBuildPhase section */

/* Begin PBXGroup section */
		660995633B4B2ACE7097A3F1 /* Frameworks */ = {
			isa = PBXGroup;
			children = (
				DA3DFD54D792474127CD191D /* libPods-TestYunpanSDK.a */,
				BA3070D5F2DD5F0CD82B98C0 /* libPods-TestYunpanSDKTests.a */,
				DD7DADAA4D6043602F353A11 /* libPods-TestYunpanSDKUITests.a */,
			);
			name = Frameworks;
			sourceTree = "<group>";
		};
		8FC5F3012178865C009B4042 = {
			isa = PBXGroup;
			children = (
				8FC5F30C2178865C009B4042 /* TestYunpanSDK */,
				8FC5F3252178865F009B4042 /* TestYunpanSDKTests */,
				8FC5F3302178865F009B4042 /* TestYunpanSDKUITests */,
				8FC5F30B2178865C009B4042 /* Products */,
				F550798850AFD743E119D31A /* Pods */,
				660995633B4B2ACE7097A3F1 /* Frameworks */,
			);
			sourceTree = "<group>";
		};
		8FC5F30B2178865C009B4042 /* Products */ = {
			isa = PBXGroup;
			children = (
				8FC5F30A2178865C009B4042 /* TestYunpanSDK.app */,
				8FC5F3222178865F009B4042 /* TestYunpanSDKTests.xctest */,
				8FC5F32D2178865F009B4042 /* TestYunpanSDKUITests.xctest */,
			);
			name = Products;
			sourceTree = "<group>";
		};
		8FC5F30C2178865C009B4042 /* TestYunpanSDK */ = {
			isa = PBXGroup;
			children = (
				8FC5F3452178DCD0009B4042 /* Podfile */,
				8FC5F30D2178865D009B4042 /* AppDelegate.h */,
				8FC5F30E2178865D009B4042 /* AppDelegate.m */,
				8FC5F3102178865D009B4042 /* ViewController.h */,
				8FC5F3112178865D009B4042 /* ViewController.m */,
				8FC5F3132178865D009B4042 /* Main.storyboard */,
				8FC5F3162178865F009B4042 /* Assets.xcassets */,
				8FC5F3182178865F009B4042 /* LaunchScreen.storyboard */,
				8FC5F31B2178865F009B4042 /* Info.plist */,
				8FC5F31C2178865F009B4042 /* main.m */,
			);
			path = TestYunpanSDK;
			sourceTree = "<group>";
		};
		8FC5F3252178865F009B4042 /* TestYunpanSDKTests */ = {
			isa = PBXGroup;
			children = (
				8FC5F3262178865F009B4042 /* TestYunpanSDKTests.m */,
				8FC5F3282178865F009B4042 /* Info.plist */,
			);
			path = TestYunpanSDKTests;
			sourceTree = "<group>";
		};
		8FC5F3302178865F009B4042 /* TestYunpanSDKUITests */ = {
			isa = PBXGroup;
			children = (
				8FC5F3312178865F009B4042 /* TestYunpanSDKUITests.m */,
				8FC5F3332178865F009B4042 /* Info.plist */,
			);
			path = TestYunpanSDKUITests;
			sourceTree = "<group>";
		};
		F550798850AFD743E119D31A /* Pods */ = {
			isa = PBXGroup;
			children = (
				07DD93C351AD26F119CD9BF2 /* Pods-TestYunpanSDK.debug.xcconfig */,
				EE42B39B18A7C56F2DEEBFFF /* Pods-TestYunpanSDK.release.xcconfig */,
				924D178AF2A4BA01E5FBC096 /* Pods-TestYunpanSDKTests.debug.xcconfig */,
				1ABACCE9F1DFA76530256809 /* Pods-TestYunpanSDKTests.release.xcconfig */,
				16B62B0E1A48AD3FFDF4BA54 /* Pods-TestYunpanSDKUITests.debug.xcconfig */,
				DCA3ECEE6E6661516BE6F3AB /* Pods-TestYunpanSDKUITests.release.xcconfig */,
			);
			name = Pods;
			sourceTree = "<group>";
		};
/* End PBXGroup section */

/* Begin PBXNativeTarget section */
		8FC5F3092178865C009B4042 /* TestYunpanSDK */ = {
			isa = PBXNativeTarget;
			buildConfigurationList = 8FC5F3362178865F009B4042 /* Build configuration list for PBXNativeTarget "TestYunpanSDK" */;
			buildPhases = (
				9B465C1EC98CCF669EE43A7E /* [CP] Check Pods Manifest.lock */,
				8FC5F3062178865C009B4042 /* Sources */,
				8FC5F3072178865C009B4042 /* Frameworks */,
				8FC5F3082178865C009B4042 /* Resources */,
				7E25AB7AE0EB37835444EBF1 /* [CP] Copy Pods Resources */,
			);
			buildRules = (
			);
			dependencies = (
			);
			name = TestYunpanSDK;
			productName = TestYunpanSDK;
			productReference = 8FC5F30A2178865C009B4042 /* TestYunpanSDK.app */;
			productType = "com.apple.product-type.application";
		};
		8FC5F3212178865F009B4042 /* TestYunpanSDKTests */ = {
			isa = PBXNativeTarget;
			buildConfigurationList = 8FC5F3392178865F009B4042 /* Build configuration list for PBXNativeTarget "TestYunpanSDKTests" */;
			buildPhases = (
				EE70C5CA39853FCE3073A6C1 /* [CP] Check Pods Manifest.lock */,
				8FC5F31E2178865F009B4042 /* Sources */,
				8FC5F31F2178865F009B4042 /* Frameworks */,
				8FC5F3202178865F009B4042 /* Resources */,
			);
			buildRules = (
			);
			dependencies = (
				8FC5F3242178865F009B4042 /* PBXTargetDependency */,
			);
			name = TestYunpanSDKTests;
			productName = TestYunpanSDKTests;
			productReference = 8FC5F3222178865F009B4042 /* TestYunpanSDKTests.xctest */;
			productType = "com.apple.product-type.bundle.unit-test";
		};
		8FC5F32C2178865F009B4042 /* TestYunpanSDKUITests */ = {
			isa = PBXNativeTarget;
			buildConfigurationList = 8FC5F33C2178865F009B4042 /* Build configuration list for PBXNativeTarget "TestYunpanSDKUITests" */;
			buildPhases = (
				71D496A77D33ABBD8F3E1573 /* [CP] Check Pods Manifest.lock */,
				8FC5F3292178865F009B4042 /* Sources */,
				8FC5F32A2178865F009B4042 /* Frameworks */,
				8FC5F32B2178865F009B4042 /* Resources */,
			);
			buildRules = (
			);
			dependencies = (
				8FC5F32F2178865F009B4042 /* PBXTargetDependency */,
			);
			name = TestYunpanSDKUITests;
			productName = TestYunpanSDKUITests;
			productReference = 8FC5F32D2178865F009B4042 /* TestYunpanSDKUITests.xctest */;
			productType = "com.apple.product-type.bundle.ui-testing";
		};
/* End PBXNativeTarget section */

/* Begin PBXProject section */
		8FC5F3022178865C009B4042 /* Project object */ = {
			isa = PBXProject;
			attributes = {
				LastUpgradeCheck = 1000;
				ORGANIZATIONNAME = teason23;
				TargetAttributes = {
					8FC5F3092178865C009B4042 = {
						CreatedOnToolsVersion = 10.0;
					};
					8FC5F3212178865F009B4042 = {
						CreatedOnToolsVersion = 10.0;
						TestTargetID = 8FC5F3092178865C009B4042;
					};
					8FC5F32C2178865F009B4042 = {
						CreatedOnToolsVersion = 10.0;
						TestTargetID = 8FC5F3092178865C009B4042;
					};
				};
			};
			buildConfigurationList = 8FC5F3052178865C009B4042 /* Build configuration list for PBXProject "TestYunpanSDK" */;
			compatibilityVersion = "Xcode 9.3";
			developmentRegion = en;
			hasScannedForEncodings = 0;
			knownRegions = (
				en,
				Base,
			);
			mainGroup = 8FC5F3012178865C009B4042;
			productRefGroup = 8FC5F30B2178865C009B4042 /* Products */;
			projectDirPath = "";
			projectRoot = "";
			targets = (
				8FC5F3092178865C009B4042 /* TestYunpanSDK */,
				8FC5F3212178865F009B4042 /* TestYunpanSDKTests */,
				8FC5F32C2178865F009B4042 /* TestYunpanSDKUITests */,
			);
		};
/* End PBXProject section */

/* Begin PBXResourcesBuildPhase section */
		8FC5F3082178865C009B4042 /* Resources */ = {
			isa = PBXResourcesBuildPhase;
			buildActionMask = 2147483647;
			files = (
				8FC5F31A2178865F009B4042 /* LaunchScreen.storyboard in Resources */,
				8FC5F3172178865F009B4042 /* Assets.xcassets in Resources */,
				8FC5F3462178DCD0009B4042 /* Podfile in Resources */,
				8FC5F3152178865D009B4042 /* Main.storyboard in Resources */,
			);
			runOnlyForDeploymentPostprocessing = 0;
		};
		8FC5F3202178865F009B4042 /* Resources */ = {
			isa = PBXResourcesBuildPhase;
			buildActionMask = 2147483647;
			files = (
			);
			runOnlyForDeploymentPostprocessing = 0;
		};
		8FC5F32B2178865F009B4042 /* Resources */ = {
			isa = PBXResourcesBuildPhase;
			buildActionMask = 2147483647;
			files = (
			);
			runOnlyForDeploymentPostprocessing = 0;
		};
/* End PBXResourcesBuildPhase section */

/* Begin PBXShellScriptBuildPhase section */
		71D496A77D33ABBD8F3E1573 /* [CP] Check Pods Manifest.lock */ = {
			isa = PBXShellScriptBuildPhase;
			buildActionMask = 2147483647;
			files = (
			);
			inputFileListPaths = (
			);
			inputPaths = (
				"${PODS_PODFILE_DIR_PATH}/Podfile.lock",
				"${PODS_ROOT}/Manifest.lock",
			);
			name = "[CP] Check Pods Manifest.lock";
			outputFileListPaths = (
			);
			outputPaths = (
				"$(DERIVED_FILE_DIR)/Pods-TestYunpanSDKUITests-checkManifestLockResult.txt",
			);
			runOnlyForDeploymentPostprocessing = 0;
			shellPath = /bin/sh;
			shellScript = "diff \"${PODS_PODFILE_DIR_PATH}/Podfile.lock\" \"${PODS_ROOT}/Manifest.lock\" > /dev/null\nif [ $? != 0 ] ; then\n    # print error to STDERR\n    echo \"error: The sandbox is not in sync with the Podfile.lock. Run 'pod install' or update your CocoaPods installation.\" >&2\n    exit 1\nfi\n# This output is used by Xcode 'outputs' to avoid re-running this script phase.\necho \"SUCCESS\" > \"${SCRIPT_OUTPUT_FILE_0}\"\n";
			showEnvVarsInLog = 0;
		};
		7E25AB7AE0EB37835444EBF1 /* [CP] Copy Pods Resources */ = {
			isa = PBXShellScriptBuildPhase;
			buildActionMask = 2147483647;
			files = (
			);
			inputFileListPaths = (
			);
			inputPaths = (
				"${SRCROOT}/Pods/Target Support Files/Pods-TestYunpanSDK/Pods-TestYunpanSDK-resources.sh",
				"${PODS_ROOT}/IQKeyboardManager/IQKeyboardManager/Resources/IQKeyboardManager.bundle",
				"${PODS_ROOT}/MJRefresh/MJRefresh/MJRefresh.bundle",
				"${PODS_ROOT}/SVProgressHUD/SVProgressHUD/SVProgressHUD.bundle",
				"${PODS_ROOT}/XTColor/XTColor/color/XTColors.plist",
				"${PODS_ROOT}/XTlib/XTlib/XTlib/Components/CustomUIs/XTSegment/btBase.png",
				"${PODS_ROOT}/Yunpan/Yunpan/Storyboard/Album.storyboard",
				"${PODS_ROOT}/Yunpan/Yunpan/Storyboard/Cooperation.storyboard",
				"${PODS_ROOT}/Yunpan/Yunpan/Storyboard/Editors.storyboard",
				"${PODS_ROOT}/Yunpan/Yunpan/Storyboard/YPHome.storyboard",
				"${PODS_ROOT}/Yunpan/Yunpan/V+VC/Album/AlbumnCell.xib",
				"${PODS_ROOT}/Yunpan/Yunpan/V+VC/Album/CameraGroup/CameraGroupCell.xib",
				"${PODS_ROOT}/Yunpan/Yunpan/V+VC/Cooperation/YPCoopMemberCell.xib",
				"${PODS_ROOT}/Yunpan/Yunpan/V+VC/FolderChoice/YPFolderCell.xib",
				"${PODS_ROOT}/Yunpan/Yunpan/V+VC/List/ListSortView/YPListSortView.xib",
				"${PODS_ROOT}/Yunpan/Yunpan/V+VC/List/ListSortView/YPSortConditionCell.xib",
				"${PODS_ROOT}/Yunpan/Yunpan/V+VC/List/MultyChoice/MultyChoiceBottomBar.xib",
				"${PODS_ROOT}/Yunpan/Yunpan/V+VC/List/MultyChoice/MultyChoiceTopBar.xib",
				"${PODS_ROOT}/Yunpan/Yunpan/V+VC/List/YPListCell.xib",
				"${PODS_ROOT}/Yunpan/Yunpan/V+VC/Transfer/UploadList/UploadCell.xib",
				"${PODS_ROOT}/Yunpan/Yunpan/Image/album/ab_b_t_icon@2x.png",
				"${PODS_ROOT}/Yunpan/Yunpan/Image/album/ab_select@2x.png",
				"${PODS_ROOT}/Yunpan/Yunpan/Image/album/ab_selected@2x.png",
				"${PODS_ROOT}/Yunpan/Yunpan/Image/album/ab_t_icon@2x.png",
				"${PODS_ROOT}/Yunpan/Yunpan/Image/ImageEditor/ie_btdownload@2x.png",
				"${PODS_ROOT}/Yunpan/Yunpan/Image/ImageEditor/ie_topbar_btclose@2x.png",
				"${PODS_ROOT}/Yunpan/Yunpan/Image/ImageEditor/ie_topbar_btdelete@2x.png",
				"${PODS_ROOT}/Yunpan/Yunpan/Image/List/arrow_bar_down@2x .png",
				"${PODS_ROOT}/Yunpan/Yunpan/Image/List/arrow_bar_up@2x.png",
				"${PODS_ROOT}/Yunpan/Yunpan/Image/List/bar_coop@2x.png",
				"${PODS_ROOT}/Yunpan/Yunpan/Image/List/bar_delete@2x.png",
				"${PODS_ROOT}/Yunpan/Yunpan/Image/List/bar_download@2x.png",
				"${PODS_ROOT}/Yunpan/Yunpan/Image/List/bar_more@2x.png",
				"${PODS_ROOT}/Yunpan/Yunpan/Image/List/bar_move@2x.png",
				"${PODS_ROOT}/Yunpan/Yunpan/Image/List/bt_newfolder@2x.png",
				"${PODS_ROOT}/Yunpan/Yunpan/Image/List/bt_selected@2x.png",
				"${PODS_ROOT}/Yunpan/Yunpan/Image/List/bt_unselect@2x.png",
				"${PODS_ROOT}/Yunpan/Yunpan/Image/List/bt_uploadImage@2x.png",
				"${PODS_ROOT}/Yunpan/Yunpan/Image/List/choosen_mark@2x.png",
				"${PODS_ROOT}/Yunpan/Yunpan/Image/List/list_bt_add@2x.png",
				"${PODS_ROOT}/Yunpan/Yunpan/Image/List/list_bt_trans@2x.png",
				"${PODS_ROOT}/Yunpan/Yunpan/Image/List/null_list_img@2x.png",
				"${PODS_ROOT}/Yunpan/Yunpan/Image/List/sortDown@2x.png",
				"${PODS_ROOT}/Yunpan/Yunpan/Image/List/sortUp@2x.png",
				"${PODS_ROOT}/Yunpan/Yunpan/Image/public/ios_filetype_cannt_preview@2x.png",
				"${PODS_ROOT}/Yunpan/Yunpan/Image/public/ios_filetype_folder@2x.png",
				"${PODS_ROOT}/Yunpan/Yunpan/Image/public/pgs_icon@2x.png",
				"${PODS_ROOT}/Yunpan/Yunpan/Image/public/triangle1@2x.png",
				"${PODS_ROOT}/Yunpan/Yunpan/Image/public/userPlaceHolder@2x.png",
			);
			name = "[CP] Copy Pods Resources";
			outputFileListPaths = (
			);
			outputPaths = (
				"${TARGET_BUILD_DIR}/${UNLOCALIZED_RESOURCES_FOLDER_PATH}/IQKeyboardManager.bundle",
				"${TARGET_BUILD_DIR}/${UNLOCALIZED_RESOURCES_FOLDER_PATH}/MJRefresh.bundle",
				"${TARGET_BUILD_DIR}/${UNLOCALIZED_RESOURCES_FOLDER_PATH}/SVProgressHUD.bundle",
				"${TARGET_BUILD_DIR}/${UNLOCALIZED_RESOURCES_FOLDER_PATH}/XTColors.plist",
				"${TARGET_BUILD_DIR}/${UNLOCALIZED_RESOURCES_FOLDER_PATH}/btBase.png",
				"${TARGET_BUILD_DIR}/${UNLOCALIZED_RESOURCES_FOLDER_PATH}/Album.storyboardc",
				"${TARGET_BUILD_DIR}/${UNLOCALIZED_RESOURCES_FOLDER_PATH}/Cooperation.storyboardc",
				"${TARGET_BUILD_DIR}/${UNLOCALIZED_RESOURCES_FOLDER_PATH}/Editors.storyboardc",
				"${TARGET_BUILD_DIR}/${UNLOCALIZED_RESOURCES_FOLDER_PATH}/YPHome.storyboardc",
				"${TARGET_BUILD_DIR}/${UNLOCALIZED_RESOURCES_FOLDER_PATH}/AlbumnCell.nib",
				"${TARGET_BUILD_DIR}/${UNLOCALIZED_RESOURCES_FOLDER_PATH}/CameraGroupCell.nib",
				"${TARGET_BUILD_DIR}/${UNLOCALIZED_RESOURCES_FOLDER_PATH}/YPCoopMemberCell.nib",
				"${TARGET_BUILD_DIR}/${UNLOCALIZED_RESOURCES_FOLDER_PATH}/YPFolderCell.nib",
				"${TARGET_BUILD_DIR}/${UNLOCALIZED_RESOURCES_FOLDER_PATH}/YPListSortView.nib",
				"${TARGET_BUILD_DIR}/${UNLOCALIZED_RESOURCES_FOLDER_PATH}/YPSortConditionCell.nib",
				"${TARGET_BUILD_DIR}/${UNLOCALIZED_RESOURCES_FOLDER_PATH}/MultyChoiceBottomBar.nib",
				"${TARGET_BUILD_DIR}/${UNLOCALIZED_RESOURCES_FOLDER_PATH}/MultyChoiceTopBar.nib",
				"${TARGET_BUILD_DIR}/${UNLOCALIZED_RESOURCES_FOLDER_PATH}/YPListCell.nib",
				"${TARGET_BUILD_DIR}/${UNLOCALIZED_RESOURCES_FOLDER_PATH}/UploadCell.nib",
				"${TARGET_BUILD_DIR}/${UNLOCALIZED_RESOURCES_FOLDER_PATH}/ab_b_t_icon@2x.png",
				"${TARGET_BUILD_DIR}/${UNLOCALIZED_RESOURCES_FOLDER_PATH}/ab_select@2x.png",
				"${TARGET_BUILD_DIR}/${UNLOCALIZED_RESOURCES_FOLDER_PATH}/ab_selected@2x.png",
				"${TARGET_BUILD_DIR}/${UNLOCALIZED_RESOURCES_FOLDER_PATH}/ab_t_icon@2x.png",
				"${TARGET_BUILD_DIR}/${UNLOCALIZED_RESOURCES_FOLDER_PATH}/ie_btdownload@2x.png",
				"${TARGET_BUILD_DIR}/${UNLOCALIZED_RESOURCES_FOLDER_PATH}/ie_topbar_btclose@2x.png",
				"${TARGET_BUILD_DIR}/${UNLOCALIZED_RESOURCES_FOLDER_PATH}/ie_topbar_btdelete@2x.png",
				"${TARGET_BUILD_DIR}/${UNLOCALIZED_RESOURCES_FOLDER_PATH}/arrow_bar_down@2x .png",
				"${TARGET_BUILD_DIR}/${UNLOCALIZED_RESOURCES_FOLDER_PATH}/arrow_bar_up@2x.png",
				"${TARGET_BUILD_DIR}/${UNLOCALIZED_RESOURCES_FOLDER_PATH}/bar_coop@2x.png",
				"${TARGET_BUILD_DIR}/${UNLOCALIZED_RESOURCES_FOLDER_PATH}/bar_delete@2x.png",
				"${TARGET_BUILD_DIR}/${UNLOCALIZED_RESOURCES_FOLDER_PATH}/bar_download@2x.png",
				"${TARGET_BUILD_DIR}/${UNLOCALIZED_RESOURCES_FOLDER_PATH}/bar_more@2x.png",
				"${TARGET_BUILD_DIR}/${UNLOCALIZED_RESOURCES_FOLDER_PATH}/bar_move@2x.png",
				"${TARGET_BUILD_DIR}/${UNLOCALIZED_RESOURCES_FOLDER_PATH}/bt_newfolder@2x.png",
				"${TARGET_BUILD_DIR}/${UNLOCALIZED_RESOURCES_FOLDER_PATH}/bt_selected@2x.png",
				"${TARGET_BUILD_DIR}/${UNLOCALIZED_RESOURCES_FOLDER_PATH}/bt_unselect@2x.png",
				"${TARGET_BUILD_DIR}/${UNLOCALIZED_RESOURCES_FOLDER_PATH}/bt_uploadImage@2x.png",
				"${TARGET_BUILD_DIR}/${UNLOCALIZED_RESOURCES_FOLDER_PATH}/choosen_mark@2x.png",
				"${TARGET_BUILD_DIR}/${UNLOCALIZED_RESOURCES_FOLDER_PATH}/list_bt_add@2x.png",
				"${TARGET_BUILD_DIR}/${UNLOCALIZED_RESOURCES_FOLDER_PATH}/list_bt_trans@2x.png",
				"${TARGET_BUILD_DIR}/${UNLOCALIZED_RESOURCES_FOLDER_PATH}/null_list_img@2x.png",
				"${TARGET_BUILD_DIR}/${UNLOCALIZED_RESOURCES_FOLDER_PATH}/sortDown@2x.png",
				"${TARGET_BUILD_DIR}/${UNLOCALIZED_RESOURCES_FOLDER_PATH}/sortUp@2x.png",
				"${TARGET_BUILD_DIR}/${UNLOCALIZED_RESOURCES_FOLDER_PATH}/ios_filetype_cannt_preview@2x.png",
				"${TARGET_BUILD_DIR}/${UNLOCALIZED_RESOURCES_FOLDER_PATH}/ios_filetype_folder@2x.png",
				"${TARGET_BUILD_DIR}/${UNLOCALIZED_RESOURCES_FOLDER_PATH}/pgs_icon@2x.png",
				"${TARGET_BUILD_DIR}/${UNLOCALIZED_RESOURCES_FOLDER_PATH}/triangle1@2x.png",
				"${TARGET_BUILD_DIR}/${UNLOCALIZED_RESOURCES_FOLDER_PATH}/userPlaceHolder@2x.png",
			);
			runOnlyForDeploymentPostprocessing = 0;
			shellPath = /bin/sh;
			shellScript = "\"${SRCROOT}/Pods/Target Support Files/Pods-TestYunpanSDK/Pods-TestYunpanSDK-resources.sh\"\n";
			showEnvVarsInLog = 0;
		};
		9B465C1EC98CCF669EE43A7E /* [CP] Check Pods Manifest.lock */ = {
			isa = PBXShellScriptBuildPhase;
			buildActionMask = 2147483647;
			files = (
			);
			inputFileListPaths = (
			);
			inputPaths = (
				"${PODS_PODFILE_DIR_PATH}/Podfile.lock",
				"${PODS_ROOT}/Manifest.lock",
			);
			name = "[CP] Check Pods Manifest.lock";
			outputFileListPaths = (
			);
			outputPaths = (
				"$(DERIVED_FILE_DIR)/Pods-TestYunpanSDK-checkManifestLockResult.txt",
			);
			runOnlyForDeploymentPostprocessing = 0;
			shellPath = /bin/sh;
			shellScript = "diff \"${PODS_PODFILE_DIR_PATH}/Podfile.lock\" \"${PODS_ROOT}/Manifest.lock\" > /dev/null\nif [ $? != 0 ] ; then\n    # print error to STDERR\n    echo \"error: The sandbox is not in sync with the Podfile.lock. Run 'pod install' or update your CocoaPods installation.\" >&2\n    exit 1\nfi\n# This output is used by Xcode 'outputs' to avoid re-running this script phase.\necho \"SUCCESS\" > \"${SCRIPT_OUTPUT_FILE_0}\"\n";
			showEnvVarsInLog = 0;
		};
		EE70C5CA39853FCE3073A6C1 /* [CP] Check Pods Manifest.lock */ = {
			isa = PBXShellScriptBuildPhase;
			buildActionMask = 2147483647;
			files = (
			);
			inputFileListPaths = (
			);
			inputPaths = (
				"${PODS_PODFILE_DIR_PATH}/Podfile.lock",
				"${PODS_ROOT}/Manifest.lock",
			);
			name = "[CP] Check Pods Manifest.lock";
			outputFileListPaths = (
			);
			outputPaths = (
				"$(DERIVED_FILE_DIR)/Pods-TestYunpanSDKTests-checkManifestLockResult.txt",
			);
			runOnlyForDeploymentPostprocessing = 0;
			shellPath = /bin/sh;
			shellScript = "diff \"${PODS_PODFILE_DIR_PATH}/Podfile.lock\" \"${PODS_ROOT}/Manifest.lock\" > /dev/null\nif [ $? != 0 ] ; then\n    # print error to STDERR\n    echo \"error: The sandbox is not in sync with the Podfile.lock. Run 'pod install' or update your CocoaPods installation.\" >&2\n    exit 1\nfi\n# This output is used by Xcode 'outputs' to avoid re-running this script phase.\necho \"SUCCESS\" > \"${SCRIPT_OUTPUT_FILE_0}\"\n";
			showEnvVarsInLog = 0;
		};
/* End PBXShellScriptBuildPhase section */

/* Begin PBXSourcesBuildPhase section */
		8FC5F3062178865C009B4042 /* Sources */ = {
			isa = PBXSourcesBuildPhase;
			buildActionMask = 2147483647;
			files = (
				8FC5F3122178865D009B4042 /* ViewController.m in Sources */,
				8FC5F31D2178865F009B4042 /* main.m in Sources */,
				8FC5F30F2178865D009B4042 /* AppDelegate.m in Sources */,
			);
			runOnlyForDeploymentPostprocessing = 0;
		};
		8FC5F31E2178865F009B4042 /* Sources */ = {
			isa = PBXSourcesBuildPhase;
			buildActionMask = 2147483647;
			files = (
				8FC5F3272178865F009B4042 /* TestYunpanSDKTests.m in Sources */,
			);
			runOnlyForDeploymentPostprocessing = 0;
		};
		8FC5F3292178865F009B4042 /* Sources */ = {
			isa = PBXSourcesBuildPhase;
			buildActionMask = 2147483647;
			files = (
				8FC5F3322178865F009B4042 /* TestYunpanSDKUITests.m in Sources */,
			);
			runOnlyForDeploymentPostprocessing = 0;
		};
/* End PBXSourcesBuildPhase section */

/* Begin PBXTargetDependency section */
		8FC5F3242178865F009B4042 /* PBXTargetDependency */ = {
			isa = PBXTargetDependency;
			target = 8FC5F3092178865C009B4042 /* TestYunpanSDK */;
			targetProxy = 8FC5F3232178865F009B4042 /* PBXContainerItemProxy */;
		};
		8FC5F32F2178865F009B4042 /* PBXTargetDependency */ = {
			isa = PBXTargetDependency;
			target = 8FC5F3092178865C009B4042 /* TestYunpanSDK */;
			targetProxy = 8FC5F32E2178865F009B4042 /* PBXContainerItemProxy */;
		};
/* End PBXTargetDependency section */

/* Begin PBXVariantGroup section */
		8FC5F3132178865D009B4042 /* Main.storyboard */ = {
			isa = PBXVariantGroup;
			children = (
				8FC5F3142178865D009B4042 /* Base */,
			);
			name = Main.storyboard;
			sourceTree = "<group>";
		};
		8FC5F3182178865F009B4042 /* LaunchScreen.storyboard */ = {
			isa = PBXVariantGroup;
			children = (
				8FC5F3192178865F009B4042 /* Base */,
			);
			name = LaunchScreen.storyboard;
			sourceTree = "<group>";
		};
/* End PBXVariantGroup section */

/* Begin XCBuildConfiguration section */
		8FC5F3342178865F009B4042 /* Debug */ = {
			isa = XCBuildConfiguration;
			buildSettings = {
				ALWAYS_SEARCH_USER_PATHS = NO;
				CLANG_ANALYZER_NONNULL = YES;
				CLANG_ANALYZER_NUMBER_OBJECT_CONVERSION = YES_AGGRESSIVE;
				CLANG_CXX_LANGUAGE_STANDARD = "gnu++14";
				CLANG_CXX_LIBRARY = "libc++";
				CLANG_ENABLE_MODULES = YES;
				CLANG_ENABLE_OBJC_ARC = YES;
				CLANG_ENABLE_OBJC_WEAK = YES;
				CLANG_WARN_BLOCK_CAPTURE_AUTORELEASING = YES;
				CLANG_WARN_BOOL_CONVERSION = YES;
				CLANG_WARN_COMMA = YES;
				CLANG_WARN_CONSTANT_CONVERSION = YES;
				CLANG_WARN_DEPRECATED_OBJC_IMPLEMENTATIONS = YES;
				CLANG_WARN_DIRECT_OBJC_ISA_USAGE = YES_ERROR;
				CLANG_WARN_DOCUMENTATION_COMMENTS = YES;
				CLANG_WARN_EMPTY_BODY = YES;
				CLANG_WARN_ENUM_CONVERSION = YES;
				CLANG_WARN_INFINITE_RECURSION = YES;
				CLANG_WARN_INT_CONVERSION = YES;
				CLANG_WARN_NON_LITERAL_NULL_CONVERSION = YES;
				CLANG_WARN_OBJC_IMPLICIT_RETAIN_SELF = YES;
				CLANG_WARN_OBJC_LITERAL_CONVERSION = YES;
				CLANG_WARN_OBJC_ROOT_CLASS = YES_ERROR;
				CLANG_WARN_RANGE_LOOP_ANALYSIS = YES;
				CLANG_WARN_STRICT_PROTOTYPES = YES;
				CLANG_WARN_SUSPICIOUS_MOVE = YES;
				CLANG_WARN_UNGUARDED_AVAILABILITY = YES_AGGRESSIVE;
				CLANG_WARN_UNREACHABLE_CODE = YES;
				CLANG_WARN__DUPLICATE_METHOD_MATCH = YES;
				CODE_SIGN_IDENTITY = "iPhone Developer";
				COPY_PHASE_STRIP = NO;
				DEBUG_INFORMATION_FORMAT = dwarf;
				ENABLE_STRICT_OBJC_MSGSEND = YES;
				ENABLE_TESTABILITY = YES;
				GCC_C_LANGUAGE_STANDARD = gnu11;
				GCC_DYNAMIC_NO_PIC = NO;
				GCC_NO_COMMON_BLOCKS = YES;
				GCC_OPTIMIZATION_LEVEL = 0;
				GCC_PREPROCESSOR_DEFINITIONS = (
					"DEBUG=1",
					"$(inherited)",
				);
				GCC_WARN_64_TO_32_BIT_CONVERSION = YES;
				GCC_WARN_ABOUT_RETURN_TYPE = YES_ERROR;
				GCC_WARN_UNDECLARED_SELECTOR = YES;
				GCC_WARN_UNINITIALIZED_AUTOS = YES_AGGRESSIVE;
				GCC_WARN_UNUSED_FUNCTION = YES;
				GCC_WARN_UNUSED_VARIABLE = YES;
				IPHONEOS_DEPLOYMENT_TARGET = 12.0;
				MTL_ENABLE_DEBUG_INFO = INCLUDE_SOURCE;
				MTL_FAST_MATH = YES;
				ONLY_ACTIVE_ARCH = YES;
				SDKROOT = iphoneos;
			};
			name = Debug;
		};
		8FC5F3352178865F009B4042 /* Release */ = {
			isa = XCBuildConfiguration;
			buildSettings = {
				ALWAYS_SEARCH_USER_PATHS = NO;
				CLANG_ANALYZER_NONNULL = YES;
				CLANG_ANALYZER_NUMBER_OBJECT_CONVERSION = YES_AGGRESSIVE;
				CLANG_CXX_LANGUAGE_STANDARD = "gnu++14";
				CLANG_CXX_LIBRARY = "libc++";
				CLANG_ENABLE_MODULES = YES;
				CLANG_ENABLE_OBJC_ARC = YES;
				CLANG_ENABLE_OBJC_WEAK = YES;
				CLANG_WARN_BLOCK_CAPTURE_AUTORELEASING = YES;
				CLANG_WARN_BOOL_CONVERSION = YES;
				CLANG_WARN_COMMA = YES;
				CLANG_WARN_CONSTANT_CONVERSION = YES;
				CLANG_WARN_DEPRECATED_OBJC_IMPLEMENTATIONS = YES;
				CLANG_WARN_DIRECT_OBJC_ISA_USAGE = YES_ERROR;
				CLANG_WARN_DOCUMENTATION_COMMENTS = YES;
				CLANG_WARN_EMPTY_BODY = YES;
				CLANG_WARN_ENUM_CONVERSION = YES;
				CLANG_WARN_INFINITE_RECURSION = YES;
				CLANG_WARN_INT_CONVERSION = YES;
				CLANG_WARN_NON_LITERAL_NULL_CONVERSION = YES;
				CLANG_WARN_OBJC_IMPLICIT_RETAIN_SELF = YES;
				CLANG_WARN_OBJC_LITERAL_CONVERSION = YES;
				CLANG_WARN_OBJC_ROOT_CLASS = YES_ERROR;
				CLANG_WARN_RANGE_LOOP_ANALYSIS = YES;
				CLANG_WARN_STRICT_PROTOTYPES = YES;
				CLANG_WARN_SUSPICIOUS_MOVE = YES;
				CLANG_WARN_UNGUARDED_AVAILABILITY = YES_AGGRESSIVE;
				CLANG_WARN_UNREACHABLE_CODE = YES;
				CLANG_WARN__DUPLICATE_METHOD_MATCH = YES;
				CODE_SIGN_IDENTITY = "iPhone Developer";
				COPY_PHASE_STRIP = NO;
				DEBUG_INFORMATION_FORMAT = "dwarf-with-dsym";
				ENABLE_NS_ASSERTIONS = NO;
				ENABLE_STRICT_OBJC_MSGSEND = YES;
				GCC_C_LANGUAGE_STANDARD = gnu11;
				GCC_NO_COMMON_BLOCKS = YES;
				GCC_WARN_64_TO_32_BIT_CONVERSION = YES;
				GCC_WARN_ABOUT_RETURN_TYPE = YES_ERROR;
				GCC_WARN_UNDECLARED_SELECTOR = YES;
				GCC_WARN_UNINITIALIZED_AUTOS = YES_AGGRESSIVE;
				GCC_WARN_UNUSED_FUNCTION = YES;
				GCC_WARN_UNUSED_VARIABLE = YES;
				IPHONEOS_DEPLOYMENT_TARGET = 12.0;
				MTL_ENABLE_DEBUG_INFO = NO;
				MTL_FAST_MATH = YES;
				SDKROOT = iphoneos;
				VALIDATE_PRODUCT = YES;
			};
			name = Release;
		};
		8FC5F3372178865F009B4042 /* Debug */ = {
			isa = XCBuildConfiguration;
			baseConfigurationReference = 07DD93C351AD26F119CD9BF2 /* Pods-TestYunpanSDK.debug.xcconfig */;
			buildSettings = {
				ASSETCATALOG_COMPILER_APPICON_NAME = AppIcon;
				CODE_SIGN_STYLE = Automatic;
				DEVELOPMENT_TEAM = Z35T9799TW;
				INFOPLIST_FILE = TestYunpanSDK/Info.plist;
				LD_RUNPATH_SEARCH_PATHS = (
					"$(inherited)",
					"@executable_path/Frameworks",
				);
				PRODUCT_BUNDLE_IDENTIFIER = chuxin.shimo.yunpan.TestYunpanSDK;
				PRODUCT_NAME = "$(TARGET_NAME)";
				TARGETED_DEVICE_FAMILY = "1,2";
			};
			name = Debug;
		};
		8FC5F3382178865F009B4042 /* Release */ = {
			isa = XCBuildConfiguration;
			baseConfigurationReference = EE42B39B18A7C56F2DEEBFFF /* Pods-TestYunpanSDK.release.xcconfig */;
			buildSettings = {
				ASSETCATALOG_COMPILER_APPICON_NAME = AppIcon;
				CODE_SIGN_STYLE = Automatic;
				DEVELOPMENT_TEAM = Z35T9799TW;
				INFOPLIST_FILE = TestYunpanSDK/Info.plist;
				LD_RUNPATH_SEARCH_PATHS = (
					"$(inherited)",
					"@executable_path/Frameworks",
				);
				PRODUCT_BUNDLE_IDENTIFIER = chuxin.shimo.yunpan.TestYunpanSDK;
				PRODUCT_NAME = "$(TARGET_NAME)";
				TARGETED_DEVICE_FAMILY = "1,2";
			};
			name = Release;
		};
		8FC5F33A2178865F009B4042 /* Debug */ = {
			isa = XCBuildConfiguration;
			baseConfigurationReference = 924D178AF2A4BA01E5FBC096 /* Pods-TestYunpanSDKTests.debug.xcconfig */;
			buildSettings = {
				BUNDLE_LOADER = "$(TEST_HOST)";
				CODE_SIGN_STYLE = Automatic;
				DEVELOPMENT_TEAM = Z35T9799TW;
				INFOPLIST_FILE = TestYunpanSDKTests/Info.plist;
				LD_RUNPATH_SEARCH_PATHS = (
					"$(inherited)",
					"@executable_path/Frameworks",
					"@loader_path/Frameworks",
				);
				PRODUCT_BUNDLE_IDENTIFIER = chuxin.shimo.yunpan.TestYunpanSDKTests;
				PRODUCT_NAME = "$(TARGET_NAME)";
				TARGETED_DEVICE_FAMILY = "1,2";
				TEST_HOST = "$(BUILT_PRODUCTS_DIR)/TestYunpanSDK.app/TestYunpanSDK";
			};
			name = Debug;
		};
		8FC5F33B2178865F009B4042 /* Release */ = {
			isa = XCBuildConfiguration;
			baseConfigurationReference = 1ABACCE9F1DFA76530256809 /* Pods-TestYunpanSDKTests.release.xcconfig */;
			buildSettings = {
				BUNDLE_LOADER = "$(TEST_HOST)";
				CODE_SIGN_STYLE = Automatic;
				DEVELOPMENT_TEAM = Z35T9799TW;
				INFOPLIST_FILE = TestYunpanSDKTests/Info.plist;
				LD_RUNPATH_SEARCH_PATHS = (
					"$(inherited)",
					"@executable_path/Frameworks",
					"@loader_path/Frameworks",
				);
				PRODUCT_BUNDLE_IDENTIFIER = chuxin.shimo.yunpan.TestYunpanSDKTests;
				PRODUCT_NAME = "$(TARGET_NAME)";
				TARGETED_DEVICE_FAMILY = "1,2";
				TEST_HOST = "$(BUILT_PRODUCTS_DIR)/TestYunpanSDK.app/TestYunpanSDK";
			};
			name = Release;
		};
		8FC5F33D2178865F009B4042 /* Debug */ = {
			isa = XCBuildConfiguration;
			baseConfigurationReference = 16B62B0E1A48AD3FFDF4BA54 /* Pods-TestYunpanSDKUITests.debug.xcconfig */;
			buildSettings = {
				CODE_SIGN_STYLE = Automatic;
				DEVELOPMENT_TEAM = Z35T9799TW;
				INFOPLIST_FILE = TestYunpanSDKUITests/Info.plist;
				LD_RUNPATH_SEARCH_PATHS = (
					"$(inherited)",
					"@executable_path/Frameworks",
					"@loader_path/Frameworks",
				);
				PRODUCT_BUNDLE_IDENTIFIER = chuxin.shimo.yunpan.TestYunpanSDKUITests;
				PRODUCT_NAME = "$(TARGET_NAME)";
				TARGETED_DEVICE_FAMILY = "1,2";
				TEST_TARGET_NAME = TestYunpanSDK;
			};
			name = Debug;
		};
		8FC5F33E2178865F009B4042 /* Release */ = {
			isa = XCBuildConfiguration;
			baseConfigurationReference = DCA3ECEE6E6661516BE6F3AB /* Pods-TestYunpanSDKUITests.release.xcconfig */;
			buildSettings = {
				CODE_SIGN_STYLE = Automatic;
				DEVELOPMENT_TEAM = Z35T9799TW;
				INFOPLIST_FILE = TestYunpanSDKUITests/Info.plist;
				LD_RUNPATH_SEARCH_PATHS = (
					"$(inherited)",
					"@executable_path/Frameworks",
					"@loader_path/Frameworks",
				);
				PRODUCT_BUNDLE_IDENTIFIER = chuxin.shimo.yunpan.TestYunpanSDKUITests;
				PRODUCT_NAME = "$(TARGET_NAME)";
				TARGETED_DEVICE_FAMILY = "1,2";
				TEST_TARGET_NAME = TestYunpanSDK;
			};
			name = Release;
		};
/* End XCBuildConfiguration section */

/* Begin XCConfigurationList section */
		8FC5F3052178865C009B4042 /* Build configuration list for PBXProject "TestYunpanSDK" */ = {
			isa = XCConfigurationList;
			buildConfigurations = (
				8FC5F3342178865F009B4042 /* Debug */,
				8FC5F3352178865F009B4042 /* Release */,
			);
			defaultConfigurationIsVisible = 0;
			defaultConfigurationName = Release;
		};
		8FC5F3362178865F009B4042 /* Build configuration list for PBXNativeTarget "TestYunpanSDK" */ = {
			isa = XCConfigurationList;
			buildConfigurations = (
				8FC5F3372178865F009B4042 /* Debug */,
				8FC5F3382178865F009B4042 /* Release */,
			);
			defaultConfigurationIsVisible = 0;
			defaultConfigurationName = Release;
		};
		8FC5F3392178865F009B4042 /* Build configuration list for PBXNativeTarget "TestYunpanSDKTests" */ = {
			isa = XCConfigurationList;
			buildConfigurations = (
				8FC5F33A2178865F009B4042 /* Debug */,
				8FC5F33B2178865F009B4042 /* Release */,
			);
			defaultConfigurationIsVisible = 0;
			defaultConfigurationName = Release;
		};
		8FC5F33C2178865F009B4042 /* Build configuration list for PBXNativeTarget "TestYunpanSDKUITests" */ = {
			isa = XCConfigurationList;
			buildConfigurations = (
				8FC5F33D2178865F009B4042 /* Debug */,
				8FC5F33E2178865F009B4042 /* Release */,
			);
			defaultConfigurationIsVisible = 0;
			defaultConfigurationName = Release;
		};
/* End XCConfigurationList section */
	};
	rootObject = 8FC5F3022178865C009B4042 /* Project object */;
}
